{
  "name": "iterator-helper-performance",
  "version": "1.0.0",
  "lockfileVersion": 3,
  "requires": true,
  "packages": {
    "": {
      "name": "iterator-helper-performance",
      "version": "1.0.0",
      "license": "ISC",
      "dependencies": {
        "iterator-helpers-polyfill": "^3.0.1"
      }
    },
    "node_modules/iterator-helpers-polyfill": {
      "version": "3.0.1",
      "resolved": "https://registry.npmjs.org/iterator-helpers-polyfill/-/iterator-helpers-polyfill-3.0.1.tgz",
      "integrity": "sha512-9uSoKErC0+TG7uoXlv5k7rs196/l/VGr9hb9KbptpMhszsSksxJCwetp0p7FvgM3SwxlxgEkvokmeOi02PARlQ==",
      "engines": {
        "chrome": ">=63",
        "firefox": ">=57",
        "node": ">=10.0.0",
        "safari": ">=11"
      }
    }
  }
}
